
Microsoft Visual Studio Solution File, Format Version 12.00
# Visual Studio Version 17
VisualStudioVersion = 17.10.34928.147
MinimumVisualStudioVersion = 10.0.40219.1
Project("{9A19103F-16F7-4668-BE54-9A1E7A4F7556}") = "Weather.API.Tests", "Weather.API.Test\Weather.API.Tests.csproj", "{FADE4D19-B805-4E13-96EF-2CEAC78219A3}"
EndProject
Project("{FAE04EC0-301F-11D3-BF4B-00C04F79EFBC}") = "Weather.API", "Weather.API\Weather.API.csproj", "{FE21AAA2-919B-4075-A4B2-83FD1A497302}"
EndProject
Global
	GlobalSection(SolutionConfigurationPlatforms) = preSolution
		Debug|Any CPU = Debug|Any CPU
		Release|Any CPU = Release|Any CPU
	EndGlobalSection
	GlobalSection(ProjectConfigurationPlatforms) = postSolution
		{FADE4D19-B805-4E13-96EF-2CEAC78219A3}.Debug|Any CPU.ActiveCfg = Debug|Any CPU
		{FADE4D19-B805-4E13-96EF-2CEAC78219A3}.Debug|Any CPU.Build.0 = Debug|Any CPU
		{FADE4D19-B805-4E13-96EF-2CEAC78219A3}.Release|Any CPU.ActiveCfg = Release|Any CPU
		{FADE4D19-B805-4E13-96EF-2CEAC78219A3}.Release|Any CPU.Build.0 = Release|Any CPU
		{FE21AAA2-919B-4075-A4B2-83FD1A497302}.Debug|Any CPU.ActiveCfg = Debug|Any CPU
		{FE21AAA2-919B-4075-A4B2-83FD1A497302}.Debug|Any CPU.Build.0 = Debug|Any CPU
		{FE21AAA2-919B-4075-A4B2-83FD1A497302}.Release|Any CPU.ActiveCfg = Release|Any CPU
		{FE21AAA2-919B-4075-A4B2-83FD1A497302}.Release|Any CPU.Build.0 = Release|Any CPU
	EndGlobalSection
	GlobalSection(SolutionProperties) = preSolution
		HideSolutionNode = FALSE
	EndGlobalSection
	GlobalSection(ExtensibilityGlobals) = postSolution
		SolutionGuid = {26F974DD-129F-4CBB-ADD3-43F151F0E494}
	EndGlobalSection
EndGlobal
